{
  "requires": true,
  "lockfileVersion": 1,
  "dependencies": {
    "worldwindjs": {
      "version": "1.8.0",
      "resolved": "https://registry.npmjs.org/worldwindjs/-/worldwindjs-1.8.0.tgz",
      "integrity": "sha512-CdqgWchHWxD3eio3sY7SHz0k76AVSfoA2yWeF75Rdg89mp5YPpO2up8PSqnwe8nCrs5XdLCQL23tKXHWnn6Spg=="
    }
  }
}
